
Microsoft Visual Studio Solution File, Format Version 12.00
# Visual Studio 2015
Project("{FAE04EC0-301F-11D3-BF4B-00C04F79EFBC}") = "BlueTouffe.CSharp", "BlueTouffe.CSharp.csproj", "{C5925612-AF76-7CBF-13F8-08CA2B3D31A3}"
EndProject
Project("{FAE04EC0-301F-11D3-BF4B-00C04F79EFBC}") = "BlueTouffe.CSharp.Editor", "BlueTouffe.CSharp.Editor.csproj", "{F2BBB275-0679-9273-13DC-961E9029C0CC}"
EndProject
Global
	GlobalSection(SolutionConfigurationPlatforms) = preSolution
		Debug|Any CPU = Debug|Any CPU
		Release|Any CPU = Release|Any CPU
	EndGlobalSection
	GlobalSection(ProjectConfigurationPlatforms) = postSolution
		{C5925612-AF76-7CBF-13F8-08CA2B3D31A3}.Debug|Any CPU.ActiveCfg = Debug|Any CPU
		{C5925612-AF76-7CBF-13F8-08CA2B3D31A3}.Debug|Any CPU.Build.0 = Debug|Any CPU
		{C5925612-AF76-7CBF-13F8-08CA2B3D31A3}.Release|Any CPU.ActiveCfg = Release|Any CPU
		{C5925612-AF76-7CBF-13F8-08CA2B3D31A3}.Release|Any CPU.Build.0 = Release|Any CPU
		{F2BBB275-0679-9273-13DC-961E9029C0CC}.Debug|Any CPU.ActiveCfg = Debug|Any CPU
		{F2BBB275-0679-9273-13DC-961E9029C0CC}.Debug|Any CPU.Build.0 = Debug|Any CPU
		{F2BBB275-0679-9273-13DC-961E9029C0CC}.Release|Any CPU.ActiveCfg = Release|Any CPU
		{F2BBB275-0679-9273-13DC-961E9029C0CC}.Release|Any CPU.Build.0 = Release|Any CPU
	EndGlobalSection
	GlobalSection(SolutionProperties) = preSolution
		HideSolutionNode = FALSE
	EndGlobalSection
EndGlobal
