Microsoft Visual Studio Solution File, Format Version 11.00
# Visual Studio 2008

Project("{A560CD44-4EC6-DE40-ADE6-5C79B0836B7E}") = "BlueTouffe", "Assembly-CSharp.csproj", "{6F729C75-EF14-A749-1B6D-9DB8B9500FEF}"
EndProject
Project("{A560CD44-4EC6-DE40-ADE6-5C79B0836B7E}") = "BlueTouffe", "Assembly-CSharp-Editor.csproj", "{DC9ACBCA-4D12-CBA1-2320-9BD53F598CE6}"
EndProject
Global
	GlobalSection(SolutionConfigurationPlatforms) = preSolution
		Debug|Any CPU = Debug|Any CPU
		Release|Any CPU = Release|Any CPU
	EndGlobalSection
	GlobalSection(ProjectConfigurationPlatforms) = postSolution
		{6F729C75-EF14-A749-1B6D-9DB8B9500FEF}.Debug|Any CPU.ActiveCfg = Debug|Any CPU
		{6F729C75-EF14-A749-1B6D-9DB8B9500FEF}.Debug|Any CPU.Build.0 = Debug|Any CPU
		{6F729C75-EF14-A749-1B6D-9DB8B9500FEF}.Release|Any CPU.ActiveCfg = Release|Any CPU
		{6F729C75-EF14-A749-1B6D-9DB8B9500FEF}.Release|Any CPU.Build.0 = Release|Any CPU
		{DC9ACBCA-4D12-CBA1-2320-9BD53F598CE6}.Debug|Any CPU.ActiveCfg = Debug|Any CPU
		{DC9ACBCA-4D12-CBA1-2320-9BD53F598CE6}.Debug|Any CPU.Build.0 = Debug|Any CPU
		{DC9ACBCA-4D12-CBA1-2320-9BD53F598CE6}.Release|Any CPU.ActiveCfg = Release|Any CPU
		{DC9ACBCA-4D12-CBA1-2320-9BD53F598CE6}.Release|Any CPU.Build.0 = Release|Any CPU
	EndGlobalSection
	GlobalSection(SolutionProperties) = preSolution
		HideSolutionNode = FALSE
	EndGlobalSection
	GlobalSection(MonoDevelopProperties) = preSolution
		StartupItem = Assembly-CSharp.csproj
	EndGlobalSection
EndGlobal
