
Microsoft Visual Studio Solution File, Format Version 12.00
# Visual Studio 2015
Project("{FAE04EC0-301F-11D3-BF4B-00C04F79EFBC}") = "Tests truc zen.CSharp", "Tests truc zen.CSharp.csproj", "{C7A9DA87-1490-9429-678E-1C2EEB4065A9}"
EndProject
Project("{FAE04EC0-301F-11D3-BF4B-00C04F79EFBC}") = "Tests truc zen.CSharp.Editor", "Tests truc zen.CSharp.Editor.csproj", "{AB626B50-5867-0358-0674-9F1088307D5A}"
EndProject
Global
	GlobalSection(SolutionConfigurationPlatforms) = preSolution
		Debug|Any CPU = Debug|Any CPU
		Release|Any CPU = Release|Any CPU
	EndGlobalSection
	GlobalSection(ProjectConfigurationPlatforms) = postSolution
		{C7A9DA87-1490-9429-678E-1C2EEB4065A9}.Debug|Any CPU.ActiveCfg = Debug|Any CPU
		{C7A9DA87-1490-9429-678E-1C2EEB4065A9}.Debug|Any CPU.Build.0 = Debug|Any CPU
		{C7A9DA87-1490-9429-678E-1C2EEB4065A9}.Release|Any CPU.ActiveCfg = Release|Any CPU
		{C7A9DA87-1490-9429-678E-1C2EEB4065A9}.Release|Any CPU.Build.0 = Release|Any CPU
		{AB626B50-5867-0358-0674-9F1088307D5A}.Debug|Any CPU.ActiveCfg = Debug|Any CPU
		{AB626B50-5867-0358-0674-9F1088307D5A}.Debug|Any CPU.Build.0 = Debug|Any CPU
		{AB626B50-5867-0358-0674-9F1088307D5A}.Release|Any CPU.ActiveCfg = Release|Any CPU
		{AB626B50-5867-0358-0674-9F1088307D5A}.Release|Any CPU.Build.0 = Release|Any CPU
	EndGlobalSection
	GlobalSection(SolutionProperties) = preSolution
		HideSolutionNode = FALSE
	EndGlobalSection
EndGlobal
